
Microsoft Visual Studio Solution File, Format Version 12.00
# Visual Studio Version 17
VisualStudioVersion = 17.6.33815.320
MinimumVisualStudioVersion = 10.0.40219.1
Project("{FAE04EC0-301F-11D3-BF4B-00C04F79EFBC}") = "ProjectDone", "ProjectDone.csproj", "{B6ABE360-82CF-4596-B0CC-48F50CF1F458}"
EndProject
Global
	GlobalSection(SolutionConfigurationPlatforms) = preSolution
		Debug|Any CPU = Debug|Any CPU
		Release|Any CPU = Release|Any CPU
	EndGlobalSection
	GlobalSection(ProjectConfigurationPlatforms) = postSolution
		{B6ABE360-82CF-4596-B0CC-48F50CF1F458}.Debug|Any CPU.ActiveCfg = Debug|Any CPU
		{B6ABE360-82CF-4596-B0CC-48F50CF1F458}.Debug|Any CPU.Build.0 = Debug|Any CPU
		{B6ABE360-82CF-4596-B0CC-48F50CF1F458}.Release|Any CPU.ActiveCfg = Release|Any CPU
		{B6ABE360-82CF-4596-B0CC-48F50CF1F458}.Release|Any CPU.Build.0 = Release|Any CPU
	EndGlobalSection
	GlobalSection(SolutionProperties) = preSolution
		HideSolutionNode = FALSE
	EndGlobalSection
	GlobalSection(ExtensibilityGlobals) = postSolution
		SolutionGuid = {05BC9669-5E7B-4504-80C0-69E5566D95CA}
	EndGlobalSection
EndGlobal
